
Microsoft Visual Studio Solution File, Format Version 12.00
# Visual Studio 15
VisualStudioVersion = 15.0.28010.2026
MinimumVisualStudioVersion = 10.0.40219.1
Project("{FAE04EC0-301F-11D3-BF4B-00C04F79EFBC}") = "Exp3", "Exp3\Exp3.csproj", "{AE2D58B7-5898-419E-A747-757B4BA8121F}"
EndProject
Global
	GlobalSection(SolutionConfigurationPlatforms) = preSolution
		Debug|Any CPU = Debug|Any CPU
		Release|Any CPU = Release|Any CPU
	EndGlobalSection
	GlobalSection(ProjectConfigurationPlatforms) = postSolution
		{AE2D58B7-5898-419E-A747-757B4BA8121F}.Debug|Any CPU.ActiveCfg = Debug|Any CPU
		{AE2D58B7-5898-419E-A747-757B4BA8121F}.Debug|Any CPU.Build.0 = Debug|Any CPU
		{AE2D58B7-5898-419E-A747-757B4BA8121F}.Release|Any CPU.ActiveCfg = Release|Any CPU
		{AE2D58B7-5898-419E-A747-757B4BA8121F}.Release|Any CPU.Build.0 = Release|Any CPU
	EndGlobalSection
	GlobalSection(SolutionProperties) = preSolution
		HideSolutionNode = FALSE
	EndGlobalSection
	GlobalSection(ExtensibilityGlobals) = postSolution
		SolutionGuid = {117AAF69-D89B-4A22-BBBA-84DFC26552EA}
	EndGlobalSection
EndGlobal
